
Microsoft Visual Studio Solution File, Format Version 12.00
# Visual Studio Version 16
VisualStudioVersion = 16.0.29102.190
MinimumVisualStudioVersion = 10.0.40219.1
Project("{FAE04EC0-301F-11D3-BF4B-00C04F79EFBC}") = "WebApp", "WebApp\WebApp.csproj", "{F3AF2F7F-44A2-420D-B2BF-E041167CC166}"
EndProject
Global
	GlobalSection(SolutionConfigurationPlatforms) = preSolution
		Debug|Any CPU = Debug|Any CPU
		Release|Any CPU = Release|Any CPU
	EndGlobalSection
	GlobalSection(ProjectConfigurationPlatforms) = postSolution
		{F3AF2F7F-44A2-420D-B2BF-E041167CC166}.Debug|Any CPU.ActiveCfg = Debug|Any CPU
		{F3AF2F7F-44A2-420D-B2BF-E041167CC166}.Debug|Any CPU.Build.0 = Debug|Any CPU
		{F3AF2F7F-44A2-420D-B2BF-E041167CC166}.Release|Any CPU.ActiveCfg = Release|Any CPU
		{F3AF2F7F-44A2-420D-B2BF-E041167CC166}.Release|Any CPU.Build.0 = Release|Any CPU
	EndGlobalSection
	GlobalSection(SolutionProperties) = preSolution
		HideSolutionNode = FALSE
	EndGlobalSection
	GlobalSection(ExtensibilityGlobals) = postSolution
		SolutionGuid = {79C0B0D5-D5A1-4A02-9782-38B562CFE26F}
	EndGlobalSection
EndGlobal
